
Microsoft Visual Studio Solution File, Format Version 12.00
# Visual Studio Version 16
VisualStudioVersion = 16.0.30128.74
MinimumVisualStudioVersion = 10.0.40219.1
Project("{2150E333-8FDC-42A3-9474-1A3956D46DE8}") = "Data", "Data", "{EC7DA73D-30CA-4091-95E5-96D6F1799A9E}"
EndProject
Project("{2150E333-8FDC-42A3-9474-1A3956D46DE8}") = "Web", "Web", "{1C0E8AF0-508D-430C-84FD-B4D5C7E86C36}"
EndProject
Project("{2150E333-8FDC-42A3-9474-1A3956D46DE8}") = "Test", "Test", "{E96ADCFB-DAA8-41AF-954A-C515854FBE36}"
EndProject
Project("{9A19103F-16F7-4668-BE54-9A1E7A4F7556}") = "MAB.Models", "MAB.Models\MAB.Models.csproj", "{485DACB1-2DF8-4533-8F8D-1E347E4C1489}"
EndProject
Project("{9A19103F-16F7-4668-BE54-9A1E7A4F7556}") = "MAB.UnitOfWork", "MAB.UnitOfWork\MAB.UnitOfWork.csproj", "{14BFC66A-3BDC-4D3A-8F8D-55049CBC442E}"
EndProject
Project("{9A19103F-16F7-4668-BE54-9A1E7A4F7556}") = "MAB.DataAccess", "MAB.DataAccess\MAB.DataAccess.csproj", "{A5CD2B2B-82BD-4346-BD94-1F8078B516C5}"
EndProject
Project("{9A19103F-16F7-4668-BE54-9A1E7A4F7556}") = "MAB.Repositories", "MAB.Repositories\MAB.Repositories.csproj", "{567FEECF-FA38-4BB0-A5B9-74F508FE7607}"
EndProject
Project("{9A19103F-16F7-4668-BE54-9A1E7A4F7556}") = "MAB.WebAPI", "MAB.WebAPI\MAB.WebAPI.csproj", "{9C4C72E8-5254-4A15-835B-F5CD5EC33DC1}"
EndProject
Project("{9A19103F-16F7-4668-BE54-9A1E7A4F7556}") = "MAB.BusinessLogic", "MAB.BusinessLogic\MAB.BusinessLogic.csproj", "{A8A41093-4084-41E4-A594-4AC8DC63EFA3}"
EndProject
Project("{FAE04EC0-301F-11D3-BF4B-00C04F79EFBC}") = "MAB.BusinessLogicTest", "MAB.BusinessLogicTest\MAB.BusinessLogicTest.csproj", "{39F48274-EBEF-4A91-96E5-10AA2006F8F6}"
EndProject
Global
	GlobalSection(SolutionConfigurationPlatforms) = preSolution
		Debug|Any CPU = Debug|Any CPU
		Release|Any CPU = Release|Any CPU
	EndGlobalSection
	GlobalSection(ProjectConfigurationPlatforms) = postSolution
		{485DACB1-2DF8-4533-8F8D-1E347E4C1489}.Debug|Any CPU.ActiveCfg = Debug|Any CPU
		{485DACB1-2DF8-4533-8F8D-1E347E4C1489}.Debug|Any CPU.Build.0 = Debug|Any CPU
		{485DACB1-2DF8-4533-8F8D-1E347E4C1489}.Release|Any CPU.ActiveCfg = Release|Any CPU
		{485DACB1-2DF8-4533-8F8D-1E347E4C1489}.Release|Any CPU.Build.0 = Release|Any CPU
		{14BFC66A-3BDC-4D3A-8F8D-55049CBC442E}.Debug|Any CPU.ActiveCfg = Debug|Any CPU
		{14BFC66A-3BDC-4D3A-8F8D-55049CBC442E}.Debug|Any CPU.Build.0 = Debug|Any CPU
		{14BFC66A-3BDC-4D3A-8F8D-55049CBC442E}.Release|Any CPU.ActiveCfg = Release|Any CPU
		{14BFC66A-3BDC-4D3A-8F8D-55049CBC442E}.Release|Any CPU.Build.0 = Release|Any CPU
		{A5CD2B2B-82BD-4346-BD94-1F8078B516C5}.Debug|Any CPU.ActiveCfg = Debug|Any CPU
		{A5CD2B2B-82BD-4346-BD94-1F8078B516C5}.Debug|Any CPU.Build.0 = Debug|Any CPU
		{A5CD2B2B-82BD-4346-BD94-1F8078B516C5}.Release|Any CPU.ActiveCfg = Release|Any CPU
		{A5CD2B2B-82BD-4346-BD94-1F8078B516C5}.Release|Any CPU.Build.0 = Release|Any CPU
		{567FEECF-FA38-4BB0-A5B9-74F508FE7607}.Debug|Any CPU.ActiveCfg = Debug|Any CPU
		{567FEECF-FA38-4BB0-A5B9-74F508FE7607}.Debug|Any CPU.Build.0 = Debug|Any CPU
		{567FEECF-FA38-4BB0-A5B9-74F508FE7607}.Release|Any CPU.ActiveCfg = Release|Any CPU
		{567FEECF-FA38-4BB0-A5B9-74F508FE7607}.Release|Any CPU.Build.0 = Release|Any CPU
		{9C4C72E8-5254-4A15-835B-F5CD5EC33DC1}.Debug|Any CPU.ActiveCfg = Debug|Any CPU
		{9C4C72E8-5254-4A15-835B-F5CD5EC33DC1}.Debug|Any CPU.Build.0 = Debug|Any CPU
		{9C4C72E8-5254-4A15-835B-F5CD5EC33DC1}.Release|Any CPU.ActiveCfg = Release|Any CPU
		{9C4C72E8-5254-4A15-835B-F5CD5EC33DC1}.Release|Any CPU.Build.0 = Release|Any CPU
		{A8A41093-4084-41E4-A594-4AC8DC63EFA3}.Debug|Any CPU.ActiveCfg = Debug|Any CPU
		{A8A41093-4084-41E4-A594-4AC8DC63EFA3}.Debug|Any CPU.Build.0 = Debug|Any CPU
		{A8A41093-4084-41E4-A594-4AC8DC63EFA3}.Release|Any CPU.ActiveCfg = Release|Any CPU
		{A8A41093-4084-41E4-A594-4AC8DC63EFA3}.Release|Any CPU.Build.0 = Release|Any CPU
		{39F48274-EBEF-4A91-96E5-10AA2006F8F6}.Debug|Any CPU.ActiveCfg = Debug|Any CPU
		{39F48274-EBEF-4A91-96E5-10AA2006F8F6}.Debug|Any CPU.Build.0 = Debug|Any CPU
		{39F48274-EBEF-4A91-96E5-10AA2006F8F6}.Release|Any CPU.ActiveCfg = Release|Any CPU
		{39F48274-EBEF-4A91-96E5-10AA2006F8F6}.Release|Any CPU.Build.0 = Release|Any CPU
	EndGlobalSection
	GlobalSection(SolutionProperties) = preSolution
		HideSolutionNode = FALSE
	EndGlobalSection
	GlobalSection(NestedProjects) = preSolution
		{485DACB1-2DF8-4533-8F8D-1E347E4C1489} = {EC7DA73D-30CA-4091-95E5-96D6F1799A9E}
		{14BFC66A-3BDC-4D3A-8F8D-55049CBC442E} = {EC7DA73D-30CA-4091-95E5-96D6F1799A9E}
		{A5CD2B2B-82BD-4346-BD94-1F8078B516C5} = {EC7DA73D-30CA-4091-95E5-96D6F1799A9E}
		{567FEECF-FA38-4BB0-A5B9-74F508FE7607} = {EC7DA73D-30CA-4091-95E5-96D6F1799A9E}
		{9C4C72E8-5254-4A15-835B-F5CD5EC33DC1} = {1C0E8AF0-508D-430C-84FD-B4D5C7E86C36}
		{A8A41093-4084-41E4-A594-4AC8DC63EFA3} = {EC7DA73D-30CA-4091-95E5-96D6F1799A9E}
		{39F48274-EBEF-4A91-96E5-10AA2006F8F6} = {E96ADCFB-DAA8-41AF-954A-C515854FBE36}
	EndGlobalSection
	GlobalSection(ExtensibilityGlobals) = postSolution
		SolutionGuid = {18C7C325-A289-4F07-BB43-43B3FDCC8EE5}
	EndGlobalSection
EndGlobal
